{
  "name": "debut",
  "version": "1.0.0",
  "lockfileVersion": 1,
  "requires": true,
  "dependencies": {
    "@types/tough-cookie": {
      "version": "4.0.0",
      "resolved": "https://registry.npmjs.org/@types/tough-cookie/-/tough-cookie-4.0.0.tgz",
      "integrity": "sha512-I99sngh224D0M7XgW1s120zxCt3VYQ3IQsuw3P3jbq5GG4yc79+ZjyKznyOGIQrflfylLgcfekeZW/vk0yng6A=="
    },
    "already": {
      "version": "1.13.2",
      "resolved": "https://registry.npmjs.org/already/-/already-1.13.2.tgz",
      "integrity": "sha512-GU0ZqMhSetZeDlivqttmAmd2UpCbPSucziaDJcCN2NdOTedzaJTqZZwHHuGJvp0Us1wzQG0vSqFqax1SqgH8Aw==",
      "requires": {
        "throat": "^5.0.0"
      }
    },
    "callguard": {
      "version": "2.0.0",
      "resolved": "https://registry.npmjs.org/callguard/-/callguard-2.0.0.tgz",
      "integrity": "sha512-I3nd+fuj20FK1qu00ImrbH+II+8ULS6ioYr9igqR1xyqySoqc3DiHEyUM0mkoAdKeLGg2CtGnO8R3VRQX5krpQ=="
    },
    "commander": {
      "version": "6.2.0",
      "resolved": "https://registry.npmjs.org/commander/-/commander-6.2.0.tgz",
      "integrity": "sha512-zP4jEKbe8SHzKJYQmq8Y9gYjtO/POJLgIdKgV7B9qNmABVFVc+ctqSX6iXh4mCpJfRBOabiZ2YKPg8ciDw6C+Q=="
    },
    "fetch-h2": {
      "version": "2.5.1",
      "resolved": "https://registry.npmjs.org/fetch-h2/-/fetch-h2-2.5.1.tgz",
      "integrity": "sha512-U+LQ+fHwF6TMg82A88wjljC5L174eoJfrc+0g4e7JWqL7U0w0QAoOkPDCGkO9KGH9BY55s4n45gLGOtlTAoqmw==",
      "requires": {
        "@types/tough-cookie": "^4.0.0",
        "already": "^1.13.1",
        "callguard": "^2.0.0",
        "get-stream": "^6.0.0",
        "through2": "^4.0.2",
        "to-arraybuffer": "^1.0.1",
        "tough-cookie": "^4.0.0"
      }
    },
    "get-stream": {
      "version": "6.0.0",
      "resolved": "https://registry.npmjs.org/get-stream/-/get-stream-6.0.0.tgz",
      "integrity": "sha512-A1B3Bh1UmL0bidM/YX2NsCOTnGJePL9rO/M+Mw3m9f2gUpfokS0hi5Eah0WSUEWZdZhIZtMjkIYS7mDfOqNHbg=="
    },
    "inherits": {
      "version": "2.0.4",
      "resolved": "https://registry.npmjs.org/inherits/-/inherits-2.0.4.tgz",
      "integrity": "sha512-k/vGaX4/Yla3WzyMCvTQOXYeIHvqOKtnqBduzTHpzpQZzAskKMhZ2K+EnBiSM9zGSoIFeMpXKxa4dYeZIQqewQ=="
    },
    "psl": {
      "version": "1.8.0",
      "resolved": "https://registry.npmjs.org/psl/-/psl-1.8.0.tgz",
      "integrity": "sha512-RIdOzyoavK+hA18OGGWDqUTsCLhtA7IcZ/6NCs4fFJaHBDab+pDDmDIByWFRQJq2Cd7r1OoQxBGKOaztq+hjIQ=="
    },
    "punycode": {
      "version": "2.1.1",
      "resolved": "https://registry.npmjs.org/punycode/-/punycode-2.1.1.tgz",
      "integrity": "sha512-XRsRjdf+j5ml+y/6GKHPZbrF/8p2Yga0JPtdqTIY2Xe5ohJPD9saDJJLPvp9+NSBprVvevdXZybnj2cv8OEd0A=="
    },
    "readable-stream": {
      "version": "3.6.0",
      "resolved": "https://registry.npmjs.org/readable-stream/-/readable-stream-3.6.0.tgz",
      "integrity": "sha512-BViHy7LKeTz4oNnkcLJ+lVSL6vpiFeX6/d3oSH8zCW7UxP2onchk+vTGB143xuFjHS3deTgkKoXXymXqymiIdA==",
      "requires": {
        "inherits": "^2.0.3",
        "string_decoder": "^1.1.1",
        "util-deprecate": "^1.0.1"
      }
    },
    "safe-buffer": {
      "version": "5.2.1",
      "resolved": "https://registry.npmjs.org/safe-buffer/-/safe-buffer-5.2.1.tgz",
      "integrity": "sha512-rp3So07KcdmmKbGvgaNxQSJr7bGVSVk5S9Eq1F+ppbRo70+YeaDxkw5Dd8NPN+GD6bjnYm2VuPuCXmpuYvmCXQ=="
    },
    "shopify-website": {
      "version": "git+https://github.com/colinbendell/shopify-cli.git#e139dd34a25fa4c97c46d38ed40a3912c3ad83c4",
      "from": "git+https://github.com/colinbendell/shopify-cli.git",
      "requires": {
        "commander": "^6.2.0",
        "fetch-h2": "^2.5.1"
      }
    },
    "string_decoder": {
      "version": "1.3.0",
      "resolved": "https://registry.npmjs.org/string_decoder/-/string_decoder-1.3.0.tgz",
      "integrity": "sha512-hkRX8U1WjJFd8LsDJ2yQ/wWWxaopEsABU1XfkM8A+j0+85JAGppt16cr1Whg6KIbb4okU6Mql6BOj+uup/wKeA==",
      "requires": {
        "safe-buffer": "~5.2.0"
      }
    },
    "throat": {
      "version": "5.0.0",
      "resolved": "https://registry.npmjs.org/throat/-/throat-5.0.0.tgz",
      "integrity": "sha512-fcwX4mndzpLQKBS1DVYhGAcYaYt7vsHNIvQV+WXMvnow5cgjPphq5CaayLaGsjRdSCKZFNGt7/GYAuXaNOiYCA=="
    },
    "through2": {
      "version": "4.0.2",
      "resolved": "https://registry.npmjs.org/through2/-/through2-4.0.2.tgz",
      "integrity": "sha512-iOqSav00cVxEEICeD7TjLB1sueEL+81Wpzp2bY17uZjZN0pWZPuo4suZ/61VujxmqSGFfgOcNuTZ85QJwNZQpw==",
      "requires": {
        "readable-stream": "3"
      }
    },
    "to-arraybuffer": {
      "version": "1.0.1",
      "resolved": "https://registry.npmjs.org/to-arraybuffer/-/to-arraybuffer-1.0.1.tgz",
      "integrity": "sha1-fSKbH8xjfkZsoIEYCDanqr/4P0M="
    },
    "tough-cookie": {
      "version": "4.0.0",
      "resolved": "https://registry.npmjs.org/tough-cookie/-/tough-cookie-4.0.0.tgz",
      "integrity": "sha512-tHdtEpQCMrc1YLrMaqXXcj6AxhYi/xgit6mZu1+EDWUn+qhUf8wMQoFIy9NXuq23zAwtcB0t/MjACGR18pcRbg==",
      "requires": {
        "psl": "^1.1.33",
        "punycode": "^2.1.1",
        "universalify": "^0.1.2"
      }
    },
    "universalify": {
      "version": "0.1.2",
      "resolved": "https://registry.npmjs.org/universalify/-/universalify-0.1.2.tgz",
      "integrity": "sha512-rBJeI5CXAlmy1pV+617WB9J63U6XcazHHF2f2dbJix4XzpUF0RS3Zbj0FGIOCAva5P/d/GBOYaACQ1w+0azUkg=="
    },
    "util-deprecate": {
      "version": "1.0.2",
      "resolved": "https://registry.npmjs.org/util-deprecate/-/util-deprecate-1.0.2.tgz",
      "integrity": "sha1-RQ1Nyfpw3nMnYvvS1KKJgUGaDM8="
    }
  }
}
